# This file was autogenerated by Stack.
# You should not edit this file by hand.
# For more information, please see the documentation at:
#   https://docs.haskellstack.org/en/stable/lock_files

packages: []
snapshots:
- completed:
    size: 394646
    url: https://raw.githubusercontent.com/commercialhaskell/stackage-snapshots/master/nightly/2018/11/7.yaml
    sha256: 682b46094031e3942dcf801c67c657efde91f922b16359899b385d6ef8833272
  original: nightly-2018-11-07
