# This file was autogenerated by Stack.
# You should not edit this file by hand.
# For more information, please see the documentation at:
#   https://docs.haskellstack.org/en/stable/lock_files

packages:
- completed:
    hackage: monad-gen-0.3.0.1@sha256:a2569465cfbd468d3350ef25de56b3362580e77537224313aab1210f40804a3b,821
    pantry-tree:
      size: 288
      sha256: a825dc8dcc3ee27dbbc1b71f6853703790ed320249b8f8510bb36d726664e795
  original:
    hackage: monad-gen-0.3.0.1
- completed:
    hackage: functor-infix-0.0.5@sha256:cea21a321031f556d7a21b51e049493e7cb78baf64dd63f0d1a36de01c4c735b,661
    pantry-tree:
      size: 367
      sha256: 04de43014229a582ba4aeff75a3e065cdba4d550a05af36a459fa38b685640b7
  original:
    hackage: functor-infix-0.0.5
- completed:
    hackage: set-extra-1.4.1@sha256:c58aa620704f609f289953e7c1f9c1653fd1498f0984b0f03a3f8f38f7ed5a84,533
    pantry-tree:
      size: 268
      sha256: 3b6f94160b9d868f341d841de0e3e9f354ae90b5817b171e2bb68fd67cf2790c
  original:
    hackage: set-extra-1.4.1
- completed:
    hackage: megaparsec-6.5.0@sha256:a1dfed92863607ea9f7609a0578d486761a052a4d01aaff95b90f25da2564346,6119
    pantry-tree:
      size: 2533
      sha256: 8420b8dc9fa39c8e98ee0211e86d387813158bedf40ac1bf5cb5590b4ee7b509
  original:
    hackage: megaparsec-6.5.0
- completed:
    hackage: neat-interpolation-0.3.2.2@sha256:17c208f1171187e2d6beac5375f78d56458b872757616ebb2602c2bec4412879,2679
    pantry-tree:
      size: 448
      sha256: 46048ca91755d557dc8aee3ebf911f4fad901786e3190fdd527b10597aa4405e
  original:
    hackage: neat-interpolation-0.3.2.2
snapshots:
- completed:
    size: 394646
    url: https://raw.githubusercontent.com/commercialhaskell/stackage-snapshots/master/nightly/2018/11/7.yaml
    sha256: 682b46094031e3942dcf801c67c657efde91f922b16359899b385d6ef8833272
  original: nightly-2018-11-07
